{
  "object": {
    "pins": [
      {
        "package": "Alamofire",
        "repositoryURL": "https://github.com/Alamofire/Alamofire.git",
        "state": {
          "branch": null,
          "revision": "d120af1e8638c7da36c8481fd61a66c0c08dc4fc",
          "version": "5.4.4"
        }
      },
      {
        "package": "SwiftSoup",
        "repositoryURL": "https://github.com/scinfu/SwiftSoup.git",
        "state": {
          "branch": null,
          "revision": "11da8c685ddde2d519fad04a7daf8485bbbc773e",
          "version": "1.7.5"
        }
      },
      {
        "package": "TelegramBotSDK",
        "repositoryURL": "https://github.com/zmeyc/telegram-bot-swift.git",
        "state": {
          "branch": null,
          "revision": "c03186fdbde69be648be33c57793a2d83c5a8256",
          "version": "2.1.2"
        }
      }
    ]
  },
  "version": 1
}
